
Microsoft Visual Studio Solution File, Format Version 12.00
# Visual Studio Version 17
VisualStudioVersion = 17.5.33530.505
MinimumVisualStudioVersion = 10.0.40219.1
Project("{8BC9CEB8-8B4A-11D0-8D11-00A0C91BC942}") = "Fast_Fourier_Transform_multithreaded", "Fast_Fourier_Transform_multithreaded\Fast_Fourier_Transform_multithreaded.vcxproj", "{F523D762-912A-4159-98E1-FF3535E063CC}"
EndProject
Global
	GlobalSection(SolutionConfigurationPlatforms) = preSolution
		Debug|x64 = Debug|x64
		Debug|x86 = Debug|x86
		Release|x64 = Release|x64
		Release|x86 = Release|x86
	EndGlobalSection
	GlobalSection(ProjectConfigurationPlatforms) = postSolution
		{F523D762-912A-4159-98E1-FF3535E063CC}.Debug|x64.ActiveCfg = Debug|x64
		{F523D762-912A-4159-98E1-FF3535E063CC}.Debug|x64.Build.0 = Debug|x64
		{F523D762-912A-4159-98E1-FF3535E063CC}.Debug|x86.ActiveCfg = Debug|Win32
		{F523D762-912A-4159-98E1-FF3535E063CC}.Debug|x86.Build.0 = Debug|Win32
		{F523D762-912A-4159-98E1-FF3535E063CC}.Release|x64.ActiveCfg = Release|x64
		{F523D762-912A-4159-98E1-FF3535E063CC}.Release|x64.Build.0 = Release|x64
		{F523D762-912A-4159-98E1-FF3535E063CC}.Release|x86.ActiveCfg = Release|Win32
		{F523D762-912A-4159-98E1-FF3535E063CC}.Release|x86.Build.0 = Release|Win32
	EndGlobalSection
	GlobalSection(SolutionProperties) = preSolution
		HideSolutionNode = FALSE
	EndGlobalSection
	GlobalSection(ExtensibilityGlobals) = postSolution
		SolutionGuid = {980DD7F9-45A6-4DF1-BC46-D7EFF5C8A09B}
	EndGlobalSection
EndGlobal
